
Microsoft Visual Studio Solution File, Format Version 12.00
# Visual Studio Version 17
VisualStudioVersion = 17.4.33122.133
MinimumVisualStudioVersion = 10.0.40219.1
Project("{FAE04EC0-301F-11D3-BF4B-00C04F79EFBC}") = "ApiGateway.Davivienda", "ApiGateway.Davivienda\ApiGateway.Davivienda.csproj", "{F91CF0E6-A091-4EA8-AD2E-DA67E8BDCF33}"
EndProject
Global
	GlobalSection(SolutionConfigurationPlatforms) = preSolution
		Debug|Any CPU = Debug|Any CPU
		Release|Any CPU = Release|Any CPU
	EndGlobalSection
	GlobalSection(ProjectConfigurationPlatforms) = postSolution
		{F91CF0E6-A091-4EA8-AD2E-DA67E8BDCF33}.Debug|Any CPU.ActiveCfg = Debug|Any CPU
		{F91CF0E6-A091-4EA8-AD2E-DA67E8BDCF33}.Debug|Any CPU.Build.0 = Debug|Any CPU
		{F91CF0E6-A091-4EA8-AD2E-DA67E8BDCF33}.Release|Any CPU.ActiveCfg = Release|Any CPU
		{F91CF0E6-A091-4EA8-AD2E-DA67E8BDCF33}.Release|Any CPU.Build.0 = Release|Any CPU
	EndGlobalSection
	GlobalSection(SolutionProperties) = preSolution
		HideSolutionNode = FALSE
	EndGlobalSection
	GlobalSection(ExtensibilityGlobals) = postSolution
		SolutionGuid = {2DC87300-D845-4E0C-823A-02A6C39A2982}
	EndGlobalSection
EndGlobal
